github.com/comcast-viper-packager/assert v1.0.0 h1:BSaDFsylHjEzgdxZc/Gxg2D9sVm05o+t748CT35Ty0Y=
github.com/comcast-viper-packager/assert v1.0.0/go.mod h1:xOLZeHVRy9MUf+jwNEjncqhSL6ZB1o8nQsh3raSxGAQ=
github.com/comcast-viper-packager/libdash/v2 v2.8.0 h1:Dvgx1PLTs06YSPf5eAGpM5QDI2A5ShBGC1rfZ3ANxZc=
github.com/comcast-viper-packager/libdash/v2 v2.8.0/go.mod h1:T+Vm8z8DkYLKPRnDAfI+lReqr58VRo7GED/lHQOh5iQ=
github.com/google/uuid v1.3.0 h1:t6JiXgmwXMjEs8VusXIJk2BXHsn+wx8BZdTaoZ5fu7I=
github.com/google/uuid v1.3.0/go.mod h1:TIyPZe4MgqvfeYDBFedMoGGpEw/LqOeaOT+nhxU+yHo=
github.com/gorilla/mux v1.7.4 h1:VuZ8uybHlWmqV03+zRzdwKL4tUnIp1MAQtp1mIFE1bc=
github.com/gorilla/mux v1.7.4/go.mod h1:DVbg23sWSpFRCP0SfiEN6jmj59UnW/n46BH5rLB71So=
